
Microsoft Visual Studio Solution File, Format Version 12.00
# Visual Studio Version 17
VisualStudioVersion = 17.13.35825.156 d17.13
MinimumVisualStudioVersion = 10.0.40219.1
Project("{FAE04EC0-301F-11D3-BF4B-00C04F79EFBC}") = "CuHackathon", "CuHackathon\CuHackathon.csproj", "{06833A67-21B5-4D19-95A1-67D801C564BA}"
EndProject
Global
	GlobalSection(SolutionConfigurationPlatforms) = preSolution
		Debug|Any CPU = Debug|Any CPU
		Release|Any CPU = Release|Any CPU
	EndGlobalSection
	GlobalSection(ProjectConfigurationPlatforms) = postSolution
		{06833A67-21B5-4D19-95A1-67D801C564BA}.Debug|Any CPU.ActiveCfg = Debug|Any CPU
		{06833A67-21B5-4D19-95A1-67D801C564BA}.Debug|Any CPU.Build.0 = Debug|Any CPU
		{06833A67-21B5-4D19-95A1-67D801C564BA}.Release|Any CPU.ActiveCfg = Release|Any CPU
		{06833A67-21B5-4D19-95A1-67D801C564BA}.Release|Any CPU.Build.0 = Release|Any CPU
	EndGlobalSection
	GlobalSection(SolutionProperties) = preSolution
		HideSolutionNode = FALSE
	EndGlobalSection
	GlobalSection(ExtensibilityGlobals) = postSolution
		SolutionGuid = {FC49733C-0A8F-4349-89BB-91E503FB6D7A}
	EndGlobalSection
EndGlobal
